# This file is automatically @generated by Cargo.
# It is not intended for manual editing.
version = 4

[[package]]
name = "aliasable"
version = "0.1.3"
source = "registry+https://github.com/rust-lang/crates.io-index"
checksum = "250f629c0161ad8107cf89319e990051fae62832fd343083bea452d93e2205fd"

[[package]]
name = "arrayvec"
version = "0.7.6"
source = "registry+https://github.com/rust-lang/crates.io-index"
checksum = "7c02d123df017efcdfbd739ef81735b36c5ba83ec3c59c80a9d7ecc718f92e50"

[[package]]
name = "autocfg"
version = "1.5.0"
source = "registry+https://github.com/rust-lang/crates.io-index"
checksum = "c08606f8c3cbf4ce6ec8e28fb0014a2c086708fe954eaa885384a6165172e7e8"

[[package]]
name = "cavalier_contours"
version = "0.6.0"
source = "registry+https://github.com/rust-lang/crates.io-index"
checksum = "8bfb3f1017131091f7dcbf9bb10401c946338662c2ea1324768cfae34332a49c"
dependencies = [
 "num-traits",
 "static_aabb2d_index",
]

[[package]]
name = "either"
version = "1.15.0"
source = "registry+https://github.com/rust-lang/crates.io-index"
checksum = "48c757948c5ede0e46177b7add2e67155f70e33c07fea8284df6576da70b3719"

[[package]]
name = "euclid"
version = "0.22.11"
source = "registry+https://github.com/rust-lang/crates.io-index"
checksum = "ad9cdb4b747e485a12abb0e6566612956c7a1bafa3bdb8d682c5b6d403589e48"
dependencies = [
 "num-traits",
]

[[package]]
name = "flo_curves"
version = "0.8.0"
source = "registry+https://github.com/rust-lang/crates.io-index"
checksum = "09185b48758f5ae32e6927210f428dfa9ba5810e389562a8c7d653bc94337841"
dependencies = [
 "itertools",
 "ouroboros",
 "roots",
 "smallvec",
]

[[package]]
name = "float_next_after"
version = "1.0.0"
source = "registry+https://github.com/rust-lang/crates.io-index"
checksum = "8bf7cc16383c4b8d58b9905a8509f02926ce3058053c056376248d958c9df1e8"

[[package]]
name = "heck"
version = "0.4.1"
source = "registry+https://github.com/rust-lang/crates.io-index"
checksum = "95505c38b4572b2d910cecb0281560f54b440a19336cbbcb27bf6ce6adc6f5a8"

[[package]]
name = "itertools"
version = "0.11.0"
source = "registry+https://github.com/rust-lang/crates.io-index"
checksum = "b1c173a5686ce8bfa551b3563d0c2170bf24ca44da99c7ca4bfdab5418c3fe57"
dependencies = [
 "either",
]

[[package]]
name = "libm"
version = "0.2.15"
source = "registry+https://github.com/rust-lang/crates.io-index"
checksum = "f9fbbcab51052fe104eb5e5d351cf728d30a5be1fe14d9be8a3b097481fb97de"

[[package]]
name = "lyon"
version = "1.0.1"
source = "registry+https://github.com/rust-lang/crates.io-index"
checksum = "91e7f9cda98b5430809e63ca5197b06c7d191bf7e26dfc467d5a3f0290e2a74f"
dependencies = [
 "lyon_algorithms",
 "lyon_extra",
 "lyon_tessellation",
]

[[package]]
name = "lyon_algorithms"
version = "1.0.5"
source = "registry+https://github.com/rust-lang/crates.io-index"
checksum = "f13c9be19d257c7d37e70608ed858e8eab4b2afcea2e3c9a622e892acbf43c08"
dependencies = [
 "lyon_path",
 "num-traits",
]

[[package]]
name = "lyon_extra"
version = "1.0.3"
source = "registry+https://github.com/rust-lang/crates.io-index"
checksum = "1ca94c7bf1e2557c2798989c43416822c12fc5dcc5e17cc3307ef0e71894a955"
dependencies = [
 "lyon_path",
 "thiserror 1.0.69",
]

[[package]]
name = "lyon_geom"
version = "1.0.6"
source = "registry+https://github.com/rust-lang/crates.io-index"
checksum = "8af69edc087272df438b3ee436c4bb6d7c04aa8af665cfd398feae627dbd8570"
dependencies = [
 "arrayvec",
 "euclid",
 "num-traits",
]

[[package]]
name = "lyon_path"
version = "1.0.7"
source = "registry+https://github.com/rust-lang/crates.io-index"
checksum = "0047f508cd7a85ad6bad9518f68cce7b1bf6b943fb71f6da0ee3bc1e8cb75f25"
dependencies = [
 "lyon_geom",
 "num-traits",
]

[[package]]
name = "lyon_tessellation"
version = "1.0.15"
source = "registry+https://github.com/rust-lang/crates.io-index"
checksum = "579d42360a4b09846eff2feef28f538696c7d6c7439bfa65874ff3cbe0951b2c"
dependencies = [
 "float_next_after",
 "lyon_path",
 "num-traits",
]

[[package]]
name = "num-traits"
version = "0.2.19"
source = "registry+https://github.com/rust-lang/crates.io-index"
checksum = "071dfc062690e90b734c0b2273ce72ad0ffa95f0c74596bc250dcfd960262841"
dependencies = [
 "autocfg",
 "libm",
]

[[package]]
name = "ouroboros"
version = "0.17.2"
source = "registry+https://github.com/rust-lang/crates.io-index"
checksum = "e2ba07320d39dfea882faa70554b4bd342a5f273ed59ba7c1c6b4c840492c954"
dependencies = [
 "aliasable",
 "ouroboros_macro",
 "static_assertions",
]

[[package]]
name = "ouroboros_macro"
version = "0.17.2"
source = "registry+https://github.com/rust-lang/crates.io-index"
checksum = "ec4c6225c69b4ca778c0aea097321a64c421cf4577b331c61b229267edabb6f8"
dependencies = [
 "heck",
 "proc-macro-error",
 "proc-macro2",
 "quote",
 "syn 2.0.104",
]

[[package]]
name = "path-offset"
version = "0.1.1"
dependencies = [
 "cavalier_contours",
 "flo_curves",
 "lyon",
 "thiserror 2.0.12",
]

[[package]]
name = "proc-macro-error"
version = "1.0.4"
source = "registry+https://github.com/rust-lang/crates.io-index"
checksum = "da25490ff9892aab3fcf7c36f08cfb902dd3e71ca0f9f9517bea02a73a5ce38c"
dependencies = [
 "proc-macro-error-attr",
 "proc-macro2",
 "quote",
 "syn 1.0.109",
 "version_check",
]

[[package]]
name = "proc-macro-error-attr"
version = "1.0.4"
source = "registry+https://github.com/rust-lang/crates.io-index"
checksum = "a1be40180e52ecc98ad80b184934baf3d0d29f979574e439af5a55274b35f869"
dependencies = [
 "proc-macro2",
 "quote",
 "version_check",
]

[[package]]
name = "proc-macro2"
version = "1.0.95"
source = "registry+https://github.com/rust-lang/crates.io-index"
checksum = "02b3e5e68a3a1a02aad3ec490a98007cbc13c37cbe84a3cd7b8e406d76e7f778"
dependencies = [
 "unicode-ident",
]

[[package]]
name = "quote"
version = "1.0.40"
source = "registry+https://github.com/rust-lang/crates.io-index"
checksum = "1885c039570dc00dcb4ff087a89e185fd56bae234ddc7f056a945bf36467248d"
dependencies = [
 "proc-macro2",
]

[[package]]
name = "roots"
version = "0.0.8"
source = "registry+https://github.com/rust-lang/crates.io-index"
checksum = "082f11ffa03bbef6c2c6ea6bea1acafaade2fd9050ae0234ab44a2153742b058"

[[package]]
name = "smallvec"
version = "1.15.1"
source = "registry+https://github.com/rust-lang/crates.io-index"
checksum = "67b1b7a3b5fe4f1376887184045fcf45c69e92af734b7aaddc05fb777b6fbd03"

[[package]]
name = "static_aabb2d_index"
version = "2.0.0"
source = "registry+https://github.com/rust-lang/crates.io-index"
checksum = "1204bd3057a2225dc60d157bd921aaeaa4d318527bd32af4678cad39e5279849"
dependencies = [
 "num-traits",
]

[[package]]
name = "static_assertions"
version = "1.1.0"
source = "registry+https://github.com/rust-lang/crates.io-index"
checksum = "a2eb9349b6444b326872e140eb1cf5e7c522154d69e7a0ffb0fb81c06b37543f"

[[package]]
name = "syn"
version = "1.0.109"
source = "registry+https://github.com/rust-lang/crates.io-index"
checksum = "72b64191b275b66ffe2469e8af2c1cfe3bafa67b529ead792a6d0160888b4237"
dependencies = [
 "proc-macro2",
 "unicode-ident",
]

[[package]]
name = "syn"
version = "2.0.104"
source = "registry+https://github.com/rust-lang/crates.io-index"
checksum = "17b6f705963418cdb9927482fa304bc562ece2fdd4f616084c50b7023b435a40"
dependencies = [
 "proc-macro2",
 "quote",
 "unicode-ident",
]

[[package]]
name = "thiserror"
version = "1.0.69"
source = "registry+https://github.com/rust-lang/crates.io-index"
checksum = "b6aaf5339b578ea85b50e080feb250a3e8ae8cfcdff9a461c9ec2904bc923f52"
dependencies = [
 "thiserror-impl 1.0.69",
]

[[package]]
name = "thiserror"
version = "2.0.12"
source = "registry+https://github.com/rust-lang/crates.io-index"
checksum = "567b8a2dae586314f7be2a752ec7474332959c6460e02bde30d702a66d488708"
dependencies = [
 "thiserror-impl 2.0.12",
]

[[package]]
name = "thiserror-impl"
version = "1.0.69"
source = "registry+https://github.com/rust-lang/crates.io-index"
checksum = "4fee6c4efc90059e10f81e6d42c60a18f76588c3d74cb83a0b242a2b6c7504c1"
dependencies = [
 "proc-macro2",
 "quote",
 "syn 2.0.104",
]

[[package]]
name = "thiserror-impl"
version = "2.0.12"
source = "registry+https://github.com/rust-lang/crates.io-index"
checksum = "7f7cf42b4507d8ea322120659672cf1b9dbb93f8f2d4ecfd6e51350ff5b17a1d"
dependencies = [
 "proc-macro2",
 "quote",
 "syn 2.0.104",
]

[[package]]
name = "unicode-ident"
version = "1.0.18"
source = "registry+https://github.com/rust-lang/crates.io-index"
checksum = "5a5f39404a5da50712a4c1eecf25e90dd62b613502b7e925fd4e4d19b5c96512"

[[package]]
name = "version_check"
version = "0.9.5"
source = "registry+https://github.com/rust-lang/crates.io-index"
checksum = "0b928f33d975fc6ad9f86c8f283853ad26bdd5b10b7f1542aa2fa15e2289105a"
